DEPENDENCIES
  nginx
    git: git@github.com:manibrar/sparta_global_nginx_cookbook.git
    revision: e67a0f17d5bd33362a8196a9f56b8a274b2aa5c2
  python
    git: git@github.com:manibrar/sparta_global_python_recipe.git
    revision: a55f8384795c1540542c8b6ef64b8d84601038c8

GRAPH
  nginx (0.1.2)
  python (0.1.3)
